// !$*UTF8*$!
{
	archiveVersion = 1;
	classes = {
	};
	objectVersion = 77;
	objects = {

/* Begin PBXContainerItemProxy section */
		751FC25E2D5E7D1D008FA5FC /* PBXContainerItemProxy */ = {
			isa = PBXContainerItemProxy;
			containerPortal = 751FC2442D5E7D1C008FA5FC /* Project object */;
			proxyType = 1;
			remoteGlobalIDString = 751FC24B2D5E7D1C008FA5FC;
			remoteInfo = FetchTakeHome;
		};
		751FC2682D5E7D1D008FA5FC /* PBXContainerItemProxy */ = {
			isa = PBXContainerItemProxy;
			containerPortal = 751FC2442D5E7D1C008FA5FC /* Project object */;
			proxyType = 1;
			remoteGlobalIDString = 751FC24B2D5E7D1C008FA5FC;
			remoteInfo = FetchTakeHome;
		};
/* End PBXContainerItemProxy section */

/* Begin PBXFileReference section */
		751FC24C2D5E7D1C008FA5FC /* FetchTakeHome.app */ = {isa = PBXFileReference; explicitFileType = wrapper.application; includeInIndex = 0; path = FetchTakeHome.app; sourceTree = BUILT_PRODUCTS_DIR; };
		751FC25D2D5E7D1D008FA5FC /* FetchTakeHomeTests.xctest */ = {isa = PBXFileReference; explicitFileType = wrapper.cfbundle; includeInIndex = 0; path = FetchTakeHomeTests.xctest; sourceTree = BUILT_PRODUCTS_DIR; };
		751FC2672D5E7D1D008FA5FC /* FetchTakeHomeUITests.xctest */ = {isa = PBXFileReference; explicitFileType = wrapper.cfbundle; includeInIndex = 0; path = FetchTakeHomeUITests.xctest; sourceTree = BUILT_PRODUCTS_DIR; };
/* End PBXFileReference section */

/* Begin PBXFileSystemSynchronizedRootGroup section */
		751FC24E2D5E7D1C008FA5FC /* FetchTakeHome */ = {
			isa = PBXFileSystemSynchronizedRootGroup;
			path = FetchTakeHome;
			sourceTree = "<group>";
		};
		751FC2602D5E7D1D008FA5FC /* FetchTakeHomeTests */ = {
			isa = PBXFileSystemSynchronizedRootGroup;
			path = FetchTakeHomeTests;
			sourceTree = "<group>";
		};
		751FC26A2D5E7D1D008FA5FC /* FetchTakeHomeUITests */ = {
			isa = PBXFileSystemSynchronizedRootGroup;
			path = FetchTakeHomeUITests;
			sourceTree = "<group>";
		};
/* End PBXFileSystemSynchronizedRootGroup section */

/* Begin PBXFrameworksBuildPhase section */
		751FC2492D5E7D1C008FA5FC /* Frameworks */ = {
			isa = PBXFrameworksBuildPhase;
			buildActionMask = 2147483647;
			files = (
			);
			runOnlyForDeploymentPostprocessing = 0;
		};
		751FC25A2D5E7D1D008FA5FC /* Frameworks */ = {
			isa = PBXFrameworksBuildPhase;
			buildActionMask = 2147483647;
			files = (
			);
			runOnlyForDeploymentPostprocessing = 0;
		};
		751FC2642D5E7D1D008FA5FC /* Frameworks */ = {
			isa = PBXFrameworksBuildPhase;
			buildActionMask = 2147483647;
			files = (
			);
			runOnlyForDeploymentPostprocessing = 0;
		};
/* End PBXFrameworksBuildPhase section */

/* Begin PBXGroup section */
		751FC2432D5E7D1C008FA5FC = {
			isa = PBXGroup;
			children = (
				751FC24E2D5E7D1C008FA5FC /* FetchTakeHome */,
				751FC2602D5E7D1D008FA5FC /* FetchTakeHomeTests */,
				751FC26A2D5E7D1D008FA5FC /* FetchTakeHomeUITests */,
				751FC24D2D5E7D1C008FA5FC /* Products */,
			);
			sourceTree = "<group>";
		};
		751FC24D2D5E7D1C008FA5FC /* Products */ = {
			isa = PBXGroup;
			children = (
				751FC24C2D5E7D1C008FA5FC /* FetchTakeHome.app */,
				751FC25D2D5E7D1D008FA5FC /* FetchTakeHomeTests.xctest */,
				751FC2672D5E7D1D008FA5FC /* FetchTakeHomeUITests.xctest */,
			);
			name = Products;
			sourceTree = "<group>";
		};
/* End PBXGroup section */

/* Begin PBXNativeTarget section */
		751FC24B2D5E7D1C008FA5FC /* FetchTakeHome */ = {
			isa = PBXNativeTarget;
			buildConfigurationList = 751FC2712D5E7D1D008FA5FC /* Build configuration list for PBXNativeTarget "FetchTakeHome" */;
			buildPhases = (
				751FC2482D5E7D1C008FA5FC /* Sources */,
				751FC2492D5E7D1C008FA5FC /* Frameworks */,
				751FC24A2D5E7D1C008FA5FC /* Resources */,
			);
			buildRules = (
			);
			dependencies = (
			);
			fileSystemSynchronizedGroups = (
				751FC24E2D5E7D1C008FA5FC /* FetchTakeHome */,
			);
			name = FetchTakeHome;
			packageProductDependencies = (
			);
			productName = FetchTakeHome;
			productReference = 751FC24C2D5E7D1C008FA5FC /* FetchTakeHome.app */;
			productType = "com.apple.product-type.application";
		};
		751FC25C2D5E7D1D008FA5FC /* FetchTakeHomeTests */ = {
			isa = PBXNativeTarget;
			buildConfigurationList = 751FC2742D5E7D1D008FA5FC /* Build configuration list for PBXNativeTarget "FetchTakeHomeTests" */;
			buildPhases = (
				751FC2592D5E7D1D008FA5FC /* Sources */,
				751FC25A2D5E7D1D008FA5FC /* Frameworks */,
				751FC25B2D5E7D1D008FA5FC /* Resources */,
			);
			buildRules = (
			);
			dependencies = (
				751FC25F2D5E7D1D008FA5FC /* PBXTargetDependency */,
			);
			fileSystemSynchronizedGroups = (
				751FC2602D5E7D1D008FA5FC /* FetchTakeHomeTests */,
			);
			name = FetchTakeHomeTests;
			packageProductDependencies = (
			);
			productName = FetchTakeHomeTests;
			productReference = 751FC25D2D5E7D1D008FA5FC /* FetchTakeHomeTests.xctest */;
			productType = "com.apple.product-type.bundle.unit-test";
		};
		751FC2662D5E7D1D008FA5FC /* FetchTakeHomeUITests */ = {
			isa = PBXNativeTarget;
			buildConfigurationList = 751FC2772D5E7D1D008FA5FC /* Build configuration list for PBXNativeTarget "FetchTakeHomeUITests" */;
			buildPhases = (
				751FC2632D5E7D1D008FA5FC /* Sources */,
				751FC2642D5E7D1D008FA5FC /* Frameworks */,
				751FC2652D5E7D1D008FA5FC /* Resources */,
			);
			buildRules = (
			);
			dependencies = (
				751FC2692D5E7D1D008FA5FC /* PBXTargetDependency */,
			);
			fileSystemSynchronizedGroups = (
				751FC26A2D5E7D1D008FA5FC /* FetchTakeHomeUITests */,
			);
			name = FetchTakeHomeUITests;
			packageProductDependencies = (
			);
			productName = FetchTakeHomeUITests;
			productReference = 751FC2672D5E7D1D008FA5FC /* FetchTakeHomeUITests.xctest */;
			productType = "com.apple.product-type.bundle.ui-testing";
		};
/* End PBXNativeTarget section */

/* Begin PBXProject section */
		751FC2442D5E7D1C008FA5FC /* Project object */ = {
			isa = PBXProject;
			attributes = {
				BuildIndependentTargetsInParallel = 1;
				LastSwiftUpdateCheck = 1620;
				LastUpgradeCheck = 1620;
				TargetAttributes = {
					751FC24B2D5E7D1C008FA5FC = {
						CreatedOnToolsVersion = 16.2;
					};
					751FC25C2D5E7D1D008FA5FC = {
						CreatedOnToolsVersion = 16.2;
						TestTargetID = 751FC24B2D5E7D1C008FA5FC;
					};
					751FC2662D5E7D1D008FA5FC = {
						CreatedOnToolsVersion = 16.2;
						TestTargetID = 751FC24B2D5E7D1C008FA5FC;
					};
				};
			};
			buildConfigurationList = 751FC2472D5E7D1C008FA5FC /* Build configuration list for PBXProject "FetchTakeHome" */;
			developmentRegion = en;
			hasScannedForEncodings = 0;
			knownRegions = (
				en,
				Base,
			);
			mainGroup = 751FC2432D5E7D1C008FA5FC;
			minimizedProjectReferenceProxies = 1;
			preferredProjectObjectVersion = 77;
			productRefGroup = 751FC24D2D5E7D1C008FA5FC /* Products */;
			projectDirPath = "";
			projectRoot = "";
			targets = (
				751FC24B2D5E7D1C008FA5FC /* FetchTakeHome */,
				751FC25C2D5E7D1D008FA5FC /* FetchTakeHomeTests */,
				751FC2662D5E7D1D008FA5FC /* FetchTakeHomeUITests */,
			);
		};
/* End PBXProject section */

/* Begin PBXResourcesBuildPhase section */
		751FC24A2D5E7D1C008FA5FC /* Resources */ = {
			isa = PBXResourcesBuildPhase;
			buildActionMask = 2147483647;
			files = (
			);
			runOnlyForDeploymentPostprocessing = 0;
		};
		751FC25B2D5E7D1D008FA5FC /* Resources */ = {
			isa = PBXResourcesBuildPhase;
			buildActionMask = 2147483647;
			files = (
			);
			runOnlyForDeploymentPostprocessing = 0;
		};
		751FC2652D5E7D1D008FA5FC /* Resources */ = {
			isa = PBXResourcesBuildPhase;
			buildActionMask = 2147483647;
			files = (
			);
			runOnlyForDeploymentPostprocessing = 0;
		};
/* End PBXResourcesBuildPhase section */

/* Begin PBXSourcesBuildPhase section */
		751FC2482D5E7D1C008FA5FC /* Sources */ = {
			isa = PBXSourcesBuildPhase;
			buildActionMask = 2147483647;
			files = (
			);
			runOnlyForDeploymentPostprocessing = 0;
		};
		751FC2592D5E7D1D008FA5FC /* Sources */ = {
			isa = PBXSourcesBuildPhase;
			buildActionMask = 2147483647;
			files = (
			);
			runOnlyForDeploymentPostprocessing = 0;
		};
		751FC2632D5E7D1D008FA5FC /* Sources */ = {
			isa = PBXSourcesBuildPhase;
			buildActionMask = 2147483647;
			files = (
			);
			runOnlyForDeploymentPostprocessing = 0;
		};
/* End PBXSourcesBuildPhase section */

/* Begin PBXTargetDependency section */
		751FC25F2D5E7D1D008FA5FC /* PBXTargetDependency */ = {
			isa = PBXTargetDependency;
			target = 751FC24B2D5E7D1C008FA5FC /* FetchTakeHome */;
			targetProxy = 751FC25E2D5E7D1D008FA5FC /* PBXContainerItemProxy */;
		};
		751FC2692D5E7D1D008FA5FC /* PBXTargetDependency */ = {
			isa = PBXTargetDependency;
			target = 751FC24B2D5E7D1C008FA5FC /* FetchTakeHome */;
			targetProxy = 751FC2682D5E7D1D008FA5FC /* PBXContainerItemProxy */;
		};
/* End PBXTargetDependency section */

/* Begin XCBuildConfiguration section */
		751FC26F2D5E7D1D008FA5FC /* Debug */ = {
			isa = XCBuildConfiguration;
			buildSettings = {
				ALWAYS_SEARCH_USER_PATHS = NO;
				ASSETCATALOG_COMPILER_GENERATE_SWIFT_ASSET_SYMBOL_EXTENSIONS = YES;
				CLANG_ANALYZER_NONNULL = YES;
				CLANG_ANALYZER_NUMBER_OBJECT_CONVERSION = YES_AGGRESSIVE;
				CLANG_CXX_LANGUAGE_STANDARD = "gnu++20";
				CLANG_ENABLE_MODULES = YES;
				CLANG_ENABLE_OBJC_ARC = YES;
				CLANG_ENABLE_OBJC_WEAK = YES;
				CLANG_WARN_BLOCK_CAPTURE_AUTORELEASING = YES;
				CLANG_WARN_BOOL_CONVERSION = YES;
				CLANG_WARN_COMMA = YES;
				CLANG_WARN_CONSTANT_CONVERSION = YES;
				CLANG_WARN_DEPRECATED_OBJC_IMPLEMENTATIONS = YES;
				CLANG_WARN_DIRECT_OBJC_ISA_USAGE = YES_ERROR;
				CLANG_WARN_DOCUMENTATION_COMMENTS = YES;
				CLANG_WARN_EMPTY_BODY = YES;
				CLANG_WARN_ENUM_CONVERSION = YES;
				CLANG_WARN_INFINITE_RECURSION = YES;
				CLANG_WARN_INT_CONVERSION = YES;
				CLANG_WARN_NON_LITERAL_NULL_CONVERSION = YES;
				CLANG_WARN_OBJC_IMPLICIT_RETAIN_SELF = YES;
				CLANG_WARN_OBJC_LITERAL_CONVERSION = YES;
				CLANG_WARN_OBJC_ROOT_CLASS = YES_ERROR;
				CLANG_WARN_QUOTED_INCLUDE_IN_FRAMEWORK_HEADER = YES;
				CLANG_WARN_RANGE_LOOP_ANALYSIS = YES;
				CLANG_WARN_STRICT_PROTOTYPES = YES;
				CLANG_WARN_SUSPICIOUS_MOVE = YES;
				CLANG_WARN_UNGUARDED_AVAILABILITY = YES_AGGRESSIVE;
				CLANG_WARN_UNREACHABLE_CODE = YES;
				CLANG_WARN__DUPLICATE_METHOD_MATCH = YES;
				COPY_PHASE_STRIP = NO;
				DEBUG_INFORMATION_FORMAT = dwarf;
				ENABLE_STRICT_OBJC_MSGSEND = YES;
				ENABLE_TESTABILITY = YES;
				ENABLE_USER_SCRIPT_SANDBOXING = YES;
				GCC_C_LANGUAGE_STANDARD = gnu17;
				GCC_DYNAMIC_NO_PIC = NO;
				GCC_NO_COMMON_BLOCKS = YES;
				GCC_OPTIMIZATION_LEVEL = 0;
				GCC_PREPROCESSOR_DEFINITIONS = (
					"DEBUG=1",
					"$(inherited)",
				);
				GCC_WARN_64_TO_32_BIT_CONVERSION = YES;
				GCC_WARN_ABOUT_RETURN_TYPE = YES_ERROR;
				GCC_WARN_UNDECLARED_SELECTOR = YES;
				GCC_WARN_UNINITIALIZED_AUTOS = YES_AGGRESSIVE;
				GCC_WARN_UNUSED_FUNCTION = YES;
				GCC_WARN_UNUSED_VARIABLE = YES;
				LOCALIZATION_PREFERS_STRING_CATALOGS = YES;
				MTL_ENABLE_DEBUG_INFO = INCLUDE_SOURCE;
				MTL_FAST_MATH = YES;
				ONLY_ACTIVE_ARCH = YES;
				SWIFT_ACTIVE_COMPILATION_CONDITIONS = "DEBUG $(inherited)";
				SWIFT_OPTIMIZATION_LEVEL = "-Onone";
			};
			name = Debug;
		};
		751FC2702D5E7D1D008FA5FC /* Release */ = {
			isa = XCBuildConfiguration;
			buildSettings = {
				ALWAYS_SEARCH_USER_PATHS = NO;
				ASSETCATALOG_COMPILER_GENERATE_SWIFT_ASSET_SYMBOL_EXTENSIONS = YES;
				CLANG_ANALYZER_NONNULL = YES;
				CLANG_ANALYZER_NUMBER_OBJECT_CONVERSION = YES_AGGRESSIVE;
				CLANG_CXX_LANGUAGE_STANDARD = "gnu++20";
				CLANG_ENABLE_MODULES = YES;
				CLANG_ENABLE_OBJC_ARC = YES;
				CLANG_ENABLE_OBJC_WEAK = YES;
				CLANG_WARN_BLOCK_CAPTURE_AUTORELEASING = YES;
				CLANG_WARN_BOOL_CONVERSION = YES;
				CLANG_WARN_COMMA = YES;
				CLANG_WARN_CONSTANT_CONVERSION = YES;
				CLANG_WARN_DEPRECATED_OBJC_IMPLEMENTATIONS = YES;
				CLANG_WARN_DIRECT_OBJC_ISA_USAGE = YES_ERROR;
				CLANG_WARN_DOCUMENTATION_COMMENTS = YES;
				CLANG_WARN_EMPTY_BODY = YES;
				CLANG_WARN_ENUM_CONVERSION = YES;
				CLANG_WARN_INFINITE_RECURSION = YES;
				CLANG_WARN_INT_CONVERSION = YES;
				CLANG_WARN_NON_LITERAL_NULL_CONVERSION = YES;
				CLANG_WARN_OBJC_IMPLICIT_RETAIN_SELF = YES;
				CLANG_WARN_OBJC_LITERAL_CONVERSION = YES;
				CLANG_WARN_OBJC_ROOT_CLASS = YES_ERROR;
				CLANG_WARN_QUOTED_INCLUDE_IN_FRAMEWORK_HEADER = YES;
				CLANG_WARN_RANGE_LOOP_ANALYSIS = YES;
				CLANG_WARN_STRICT_PROTOTYPES = YES;
				CLANG_WARN_SUSPICIOUS_MOVE = YES;
				CLANG_WARN_UNGUARDED_AVAILABILITY = YES_AGGRESSIVE;
				CLANG_WARN_UNREACHABLE_CODE = YES;
				CLANG_WARN__DUPLICATE_METHOD_MATCH = YES;
				COPY_PHASE_STRIP = NO;
				DEBUG_INFORMATION_FORMAT = "dwarf-with-dsym";
				ENABLE_NS_ASSERTIONS = NO;
				ENABLE_STRICT_OBJC_MSGSEND = YES;
				ENABLE_USER_SCRIPT_SANDBOXING = YES;
				GCC_C_LANGUAGE_STANDARD = gnu17;
				GCC_NO_COMMON_BLOCKS = YES;
				GCC_WARN_64_TO_32_BIT_CONVERSION = YES;
				GCC_WARN_ABOUT_RETURN_TYPE = YES_ERROR;
				GCC_WARN_UNDECLARED_SELECTOR = YES;
				GCC_WARN_UNINITIALIZED_AUTOS = YES_AGGRESSIVE;
				GCC_WARN_UNUSED_FUNCTION = YES;
				GCC_WARN_UNUSED_VARIABLE = YES;
				LOCALIZATION_PREFERS_STRING_CATALOGS = YES;
				MTL_ENABLE_DEBUG_INFO = NO;
				MTL_FAST_MATH = YES;
				SWIFT_COMPILATION_MODE = wholemodule;
			};
			name = Release;
		};
		751FC2722D5E7D1D008FA5FC /* Debug */ = {
			isa = XCBuildConfiguration;
			buildSettings = {
				ASSETCATALOG_COMPILER_APPICON_NAME = AppIcon;
				ASSETCATALOG_COMPILER_GLOBAL_ACCENT_COLOR_NAME = AccentColor;
				CODE_SIGN_ENTITLEMENTS = FetchTakeHome/FetchTakeHome.entitlements;
				CODE_SIGN_STYLE = Automatic;
				CURRENT_PROJECT_VERSION = 1;
				DEVELOPMENT_ASSET_PATHS = "\"FetchTakeHome/Preview Content\"";
				DEVELOPMENT_TEAM = QNK29NH27H;
				ENABLE_HARDENED_RUNTIME = YES;
				ENABLE_PREVIEWS = YES;
				GENERATE_INFOPLIST_FILE = YES;
				"INFOPLIST_KEY_UIApplicationSceneManifest_Generation[sdk=iphoneos*]" = YES;
				"INFOPLIST_KEY_UIApplicationSceneManifest_Generation[sdk=iphonesimulator*]" = YES;
				"INFOPLIST_KEY_UIApplicationSupportsIndirectInputEvents[sdk=iphoneos*]" = YES;
				"INFOPLIST_KEY_UIApplicationSupportsIndirectInputEvents[sdk=iphonesimulator*]" = YES;
				"INFOPLIST_KEY_UILaunchScreen_Generation[sdk=iphoneos*]" = YES;
				"INFOPLIST_KEY_UILaunchScreen_Generation[sdk=iphonesimulator*]" = YES;
				"INFOPLIST_KEY_UIStatusBarStyle[sdk=iphoneos*]" = UIStatusBarStyleDefault;
				"INFOPLIST_KEY_UIStatusBarStyle[sdk=iphonesimulator*]" = UIStatusBarStyleDefault;
				INFOPLIST_KEY_UISupportedInterfaceOrientations_iPad = "UIInterfaceOrientationPortrait UIInterfaceOrientationPortraitUpsideDown UIInterfaceOrientationLandscapeLeft UIInterfaceOrientationLandscapeRight";
				INFOPLIST_KEY_UISupportedInterfaceOrientations_iPhone = "UIInterfaceOrientationPortrait UIInterfaceOrientationLandscapeLeft UIInterfaceOrientationLandscapeRight";
				IPHONEOS_DEPLOYMENT_TARGET = 18.2;
				LD_RUNPATH_SEARCH_PATHS = "@executable_path/Frameworks";
				"LD_RUNPATH_SEARCH_PATHS[sdk=macosx*]" = "@executable_path/../Frameworks";
				MACOSX_DEPLOYMENT_TARGET = 15.2;
				MARKETING_VERSION = 1.0;
				PRODUCT_BUNDLE_IDENTIFIER = com.FetchTakeHome;
				PRODUCT_NAME = "$(TARGET_NAME)";
				SDKROOT = auto;
				SUPPORTED_PLATFORMS = "iphoneos iphonesimulator macosx xros xrsimulator";
				SWIFT_EMIT_LOC_STRINGS = YES;
				SWIFT_VERSION = 5.0;
				TARGETED_DEVICE_FAMILY = "1,2,7";
				XROS_DEPLOYMENT_TARGET = 2.2;
			};
			name = Debug;
		};
		751FC2732D5E7D1D008FA5FC /* Release */ = {
			isa = XCBuildConfiguration;
			buildSettings = {
				ASSETCATALOG_COMPILER_APPICON_NAME = AppIcon;
				ASSETCATALOG_COMPILER_GLOBAL_ACCENT_COLOR_NAME = AccentColor;
				CODE_SIGN_ENTITLEMENTS = FetchTakeHome/FetchTakeHome.entitlements;
				CODE_SIGN_STYLE = Automatic;
				CURRENT_PROJECT_VERSION = 1;
				DEVELOPMENT_ASSET_PATHS = "\"FetchTakeHome/Preview Content\"";
				DEVELOPMENT_TEAM = QNK29NH27H;
				ENABLE_HARDENED_RUNTIME = YES;
				ENABLE_PREVIEWS = YES;
				GENERATE_INFOPLIST_FILE = YES;
				"INFOPLIST_KEY_UIApplicationSceneManifest_Generation[sdk=iphoneos*]" = YES;
				"INFOPLIST_KEY_UIApplicationSceneManifest_Generation[sdk=iphonesimulator*]" = YES;
				"INFOPLIST_KEY_UIApplicationSupportsIndirectInputEvents[sdk=iphoneos*]" = YES;
				"INFOPLIST_KEY_UIApplicationSupportsIndirectInputEvents[sdk=iphonesimulator*]" = YES;
				"INFOPLIST_KEY_UILaunchScreen_Generation[sdk=iphoneos*]" = YES;
				"INFOPLIST_KEY_UILaunchScreen_Generation[sdk=iphonesimulator*]" = YES;
				"INFOPLIST_KEY_UIStatusBarStyle[sdk=iphoneos*]" = UIStatusBarStyleDefault;
				"INFOPLIST_KEY_UIStatusBarStyle[sdk=iphonesimulator*]" = UIStatusBarStyleDefault;
				INFOPLIST_KEY_UISupportedInterfaceOrientations_iPad = "UIInterfaceOrientationPortrait UIInterfaceOrientationPortraitUpsideDown UIInterfaceOrientationLandscapeLeft UIInterfaceOrientationLandscapeRight";
				INFOPLIST_KEY_UISupportedInterfaceOrientations_iPhone = "UIInterfaceOrientationPortrait UIInterfaceOrientationLandscapeLeft UIInterfaceOrientationLandscapeRight";
				IPHONEOS_DEPLOYMENT_TARGET = 18.2;
				LD_RUNPATH_SEARCH_PATHS = "@executable_path/Frameworks";
				"LD_RUNPATH_SEARCH_PATHS[sdk=macosx*]" = "@executable_path/../Frameworks";
				MACOSX_DEPLOYMENT_TARGET = 15.2;
				MARKETING_VERSION = 1.0;
				PRODUCT_BUNDLE_IDENTIFIER = com.FetchTakeHome;
				PRODUCT_NAME = "$(TARGET_NAME)";
				SDKROOT = auto;
				SUPPORTED_PLATFORMS = "iphoneos iphonesimulator macosx xros xrsimulator";
				SWIFT_EMIT_LOC_STRINGS = YES;
				SWIFT_VERSION = 5.0;
				TARGETED_DEVICE_FAMILY = "1,2,7";
				XROS_DEPLOYMENT_TARGET = 2.2;
			};
			name = Release;
		};
		751FC2752D5E7D1D008FA5FC /* Debug */ = {
			isa = XCBuildConfiguration;
			buildSettings = {
				BUNDLE_LOADER = "$(TEST_HOST)";
				CODE_SIGN_STYLE = Automatic;
				CURRENT_PROJECT_VERSION = 1;
				DEVELOPMENT_TEAM = QNK29NH27H;
				GENERATE_INFOPLIST_FILE = YES;
				IPHONEOS_DEPLOYMENT_TARGET = 18.2;
				MACOSX_DEPLOYMENT_TARGET = 15.2;
				MARKETING_VERSION = 1.0;
				PRODUCT_BUNDLE_IDENTIFIER = com.FetchTakeHomeTests;
				PRODUCT_NAME = "$(TARGET_NAME)";
				SDKROOT = auto;
				SUPPORTED_PLATFORMS = "iphoneos iphonesimulator macosx xros xrsimulator";
				SWIFT_EMIT_LOC_STRINGS = NO;
				SWIFT_VERSION = 5.0;
				TARGETED_DEVICE_FAMILY = "1,2,7";
				TEST_HOST = "$(BUILT_PRODUCTS_DIR)/FetchTakeHome.app/$(BUNDLE_EXECUTABLE_FOLDER_PATH)/FetchTakeHome";
				XROS_DEPLOYMENT_TARGET = 2.2;
			};
			name = Debug;
		};
		751FC2762D5E7D1D008FA5FC /* Release */ = {
			isa = XCBuildConfiguration;
			buildSettings = {
				BUNDLE_LOADER = "$(TEST_HOST)";
				CODE_SIGN_STYLE = Automatic;
				CURRENT_PROJECT_VERSION = 1;
				DEVELOPMENT_TEAM = QNK29NH27H;
				GENERATE_INFOPLIST_FILE = YES;
				IPHONEOS_DEPLOYMENT_TARGET = 18.2;
				MACOSX_DEPLOYMENT_TARGET = 15.2;
				MARKETING_VERSION = 1.0;
				PRODUCT_BUNDLE_IDENTIFIER = com.FetchTakeHomeTests;
				PRODUCT_NAME = "$(TARGET_NAME)";
				SDKROOT = auto;
				SUPPORTED_PLATFORMS = "iphoneos iphonesimulator macosx xros xrsimulator";
				SWIFT_EMIT_LOC_STRINGS = NO;
				SWIFT_VERSION = 5.0;
				TARGETED_DEVICE_FAMILY = "1,2,7";
				TEST_HOST = "$(BUILT_PRODUCTS_DIR)/FetchTakeHome.app/$(BUNDLE_EXECUTABLE_FOLDER_PATH)/FetchTakeHome";
				XROS_DEPLOYMENT_TARGET = 2.2;
			};
			name = Release;
		};
		751FC2782D5E7D1D008FA5FC /* Debug */ = {
			isa = XCBuildConfiguration;
			buildSettings = {
				CODE_SIGN_STYLE = Automatic;
				CURRENT_PROJECT_VERSION = 1;
				DEVELOPMENT_TEAM = QNK29NH27H;
				GENERATE_INFOPLIST_FILE = YES;
				IPHONEOS_DEPLOYMENT_TARGET = 18.2;
				MACOSX_DEPLOYMENT_TARGET = 15.2;
				MARKETING_VERSION = 1.0;
				PRODUCT_BUNDLE_IDENTIFIER = com.FetchTakeHomeUITests;
				PRODUCT_NAME = "$(TARGET_NAME)";
				SDKROOT = auto;
				SUPPORTED_PLATFORMS = "iphoneos iphonesimulator macosx xros xrsimulator";
				SWIFT_EMIT_LOC_STRINGS = NO;
				SWIFT_VERSION = 5.0;
				TARGETED_DEVICE_FAMILY = "1,2,7";
				TEST_TARGET_NAME = FetchTakeHome;
				XROS_DEPLOYMENT_TARGET = 2.2;
			};
			name = Debug;
		};
		751FC2792D5E7D1D008FA5FC /* Release */ = {
			isa = XCBuildConfiguration;
			buildSettings = {
				CODE_SIGN_STYLE = Automatic;
				CURRENT_PROJECT_VERSION = 1;
				DEVELOPMENT_TEAM = QNK29NH27H;
				GENERATE_INFOPLIST_FILE = YES;
				IPHONEOS_DEPLOYMENT_TARGET = 18.2;
				MACOSX_DEPLOYMENT_TARGET = 15.2;
				MARKETING_VERSION = 1.0;
				PRODUCT_BUNDLE_IDENTIFIER = com.FetchTakeHomeUITests;
				PRODUCT_NAME = "$(TARGET_NAME)";
				SDKROOT = auto;
				SUPPORTED_PLATFORMS = "iphoneos iphonesimulator macosx xros xrsimulator";
				SWIFT_EMIT_LOC_STRINGS = NO;
				SWIFT_VERSION = 5.0;
				TARGETED_DEVICE_FAMILY = "1,2,7";
				TEST_TARGET_NAME = FetchTakeHome;
				XROS_DEPLOYMENT_TARGET = 2.2;
			};
			name = Release;
		};
/* End XCBuildConfiguration section */

/* Begin XCConfigurationList section */
		751FC2472D5E7D1C008FA5FC /* Build configuration list for PBXProject "FetchTakeHome" */ = {
			isa = XCConfigurationList;
			buildConfigurations = (
				751FC26F2D5E7D1D008FA5FC /* Debug */,
				751FC2702D5E7D1D008FA5FC /* Release */,
			);
			defaultConfigurationIsVisible = 0;
			defaultConfigurationName = Release;
		};
		751FC2712D5E7D1D008FA5FC /* Build configuration list for PBXNativeTarget "FetchTakeHome" */ = {
			isa = XCConfigurationList;
			buildConfigurations = (
				751FC2722D5E7D1D008FA5FC /* Debug */,
				751FC2732D5E7D1D008FA5FC /* Release */,
			);
			defaultConfigurationIsVisible = 0;
			defaultConfigurationName = Release;
		};
		751FC2742D5E7D1D008FA5FC /* Build configuration list for PBXNativeTarget "FetchTakeHomeTests" */ = {
			isa = XCConfigurationList;
			buildConfigurations = (
				751FC2752D5E7D1D008FA5FC /* Debug */,
				751FC2762D5E7D1D008FA5FC /* Release */,
			);
			defaultConfigurationIsVisible = 0;
			defaultConfigurationName = Release;
		};
		751FC2772D5E7D1D008FA5FC /* Build configuration list for PBXNativeTarget "FetchTakeHomeUITests" */ = {
			isa = XCConfigurationList;
			buildConfigurations = (
				751FC2782D5E7D1D008FA5FC /* Debug */,
				751FC2792D5E7D1D008FA5FC /* Release */,
			);
			defaultConfigurationIsVisible = 0;
			defaultConfigurationName = Release;
		};
/* End XCConfigurationList section */
	};
	rootObject = 751FC2442D5E7D1C008FA5FC /* Project object */;
}
