// !$*UTF8*$!
{
	archiveVersion = 1;
	classes = {
	};
	objectVersion = 77;
	objects = {

/* Begin PBXBuildFile section */
		751FC2852D5E7DA7008FA5FC /* Preview Assets.xcassets in Resources */ = {isa = PBXBuildFile; fileRef = 751FC27C2D5E7DA7008FA5FC /* Preview Assets.xcassets */; };
		751FC2862D5E7DA7008FA5FC /* Assets.xcassets in Resources */ = {isa = PBXBuildFile; fileRef = 751FC27E2D5E7DA7008FA5FC /* Assets.xcassets */; };
		751FC2882D5E7DA7008FA5FC /* FetchTakeHomeApp.swift in Sources */ = {isa = PBXBuildFile; fileRef = 751FC2832D5E7DA7008FA5FC /* FetchTakeHomeApp.swift */; };
		751FC28F2D5E7E0F008FA5FC /* Recipe.swift in Sources */ = {isa = PBXBuildFile; fileRef = 751FC28E2D5E7E0D008FA5FC /* Recipe.swift */; };
		751FC29D2D5E81EC008FA5FC /* APIService.swift in Sources */ = {isa = PBXBuildFile; fileRef = 751FC2992D5E81EC008FA5FC /* APIService.swift */; };
		751FC29E2D5E81EC008FA5FC /* APIServiceMock.swift in Sources */ = {isa = PBXBuildFile; fileRef = 751FC29A2D5E81EC008FA5FC /* APIServiceMock.swift */; };
		751FC29F2D5E81EC008FA5FC /* APIServiceProtocol.swift in Sources */ = {isa = PBXBuildFile; fileRef = 751FC29B2D5E81EC008FA5FC /* APIServiceProtocol.swift */; };
		751FC2A22D5E81F0008FA5FC /* Mockable.swift in Sources */ = {isa = PBXBuildFile; fileRef = 751FC2A02D5E81F0008FA5FC /* Mockable.swift */; };
		751FC2A62D5E827E008FA5FC /* Spacing.swift in Sources */ = {isa = PBXBuildFile; fileRef = 751FC2A52D5E827E008FA5FC /* Spacing.swift */; };
		751FC2A82D5E8289008FA5FC /* Shadow.swift in Sources */ = {isa = PBXBuildFile; fileRef = 751FC2A72D5E8289008FA5FC /* Shadow.swift */; };
		751FC2AA2D5E8293008FA5FC /* AppFont.swift in Sources */ = {isa = PBXBuildFile; fileRef = 751FC2A92D5E8293008FA5FC /* AppFont.swift */; };
		751FC2AC2D5E830B008FA5FC /* CardView.swift in Sources */ = {isa = PBXBuildFile; fileRef = 751FC2AB2D5E8309008FA5FC /* CardView.swift */; };
		751FC2AE2D5E8354008FA5FC /* CornerRadius.swift in Sources */ = {isa = PBXBuildFile; fileRef = 751FC2AD2D5E8354008FA5FC /* CornerRadius.swift */; };
		751FC2B02D5E83AB008FA5FC /* AppButton.swift in Sources */ = {isa = PBXBuildFile; fileRef = 751FC2AF2D5E83A5008FA5FC /* AppButton.swift */; };
		751FC2B62D5E8A1A008FA5FC /* ImageCacheServiceProtocol.swift in Sources */ = {isa = PBXBuildFile; fileRef = 751FC2B52D5E8A17008FA5FC /* ImageCacheServiceProtocol.swift */; };
		751FC2B82D5E8A38008FA5FC /* ImageCacheService.swift in Sources */ = {isa = PBXBuildFile; fileRef = 751FC2B72D5E8A35008FA5FC /* ImageCacheService.swift */; };
		751FC2BA2D5E8A4E008FA5FC /* ImageCacheServiceMock.swift in Sources */ = {isa = PBXBuildFile; fileRef = 751FC2B92D5E8A49008FA5FC /* ImageCacheServiceMock.swift */; };
		751FC2BD2D5E8AEF008FA5FC /* RecipeListViewModel.swift in Sources */ = {isa = PBXBuildFile; fileRef = 751FC2BC2D5E8AEC008FA5FC /* RecipeListViewModel.swift */; };
		751FC2BF2D5E8AF4008FA5FC /* RecipeListScreen.swift in Sources */ = {isa = PBXBuildFile; fileRef = 751FC2BE2D5E8AF2008FA5FC /* RecipeListScreen.swift */; };
		751FC2C42D5E936A008FA5FC /* RecipeView.swift in Sources */ = {isa = PBXBuildFile; fileRef = 751FC2C32D5E9368008FA5FC /* RecipeView.swift */; };
		75B53D092D5ED49900AA0E86 /* AsyncImageView.swift in Sources */ = {isa = PBXBuildFile; fileRef = 75B53D072D5ED49900AA0E86 /* AsyncImageView.swift */; };
		75B53D0B2D5ED69700AA0E86 /* AsyncImageViewModel.swift in Sources */ = {isa = PBXBuildFile; fileRef = 75B53D0A2D5ED69300AA0E86 /* AsyncImageViewModel.swift */; };
		75B53D0E2D5ED93000AA0E86 /* OnFirstAppear.swift in Sources */ = {isa = PBXBuildFile; fileRef = 75B53D0D2D5ED93000AA0E86 /* OnFirstAppear.swift */; };
		75D6D0DF2D5E9BD9006C9D0E /* LoadingView.swift in Sources */ = {isa = PBXBuildFile; fileRef = 75D6D0DE2D5E9BD3006C9D0E /* LoadingView.swift */; };
/* End PBXBuildFile section */

/* Begin PBXContainerItemProxy section */
		751FC25E2D5E7D1D008FA5FC /* PBXContainerItemProxy */ = {
			isa = PBXContainerItemProxy;
			containerPortal = 751FC2442D5E7D1C008FA5FC /* Project object */;
			proxyType = 1;
			remoteGlobalIDString = 751FC24B2D5E7D1C008FA5FC;
			remoteInfo = FetchTakeHome;
		};
		751FC2682D5E7D1D008FA5FC /* PBXContainerItemProxy */ = {
			isa = PBXContainerItemProxy;
			containerPortal = 751FC2442D5E7D1C008FA5FC /* Project object */;
			proxyType = 1;
			remoteGlobalIDString = 751FC24B2D5E7D1C008FA5FC;
			remoteInfo = FetchTakeHome;
		};
/* End PBXContainerItemProxy section */

/* Begin PBXFileReference section */
		751FC24C2D5E7D1C008FA5FC /* FetchTakeHome.app */ = {isa = PBXFileReference; explicitFileType = wrapper.application; includeInIndex = 0; path = FetchTakeHome.app; sourceTree = BUILT_PRODUCTS_DIR; };
		751FC25D2D5E7D1D008FA5FC /* FetchTakeHomeTests.xctest */ = {isa = PBXFileReference; explicitFileType = wrapper.cfbundle; includeInIndex = 0; path = FetchTakeHomeTests.xctest; sourceTree = BUILT_PRODUCTS_DIR; };
		751FC2672D5E7D1D008FA5FC /* FetchTakeHomeUITests.xctest */ = {isa = PBXFileReference; explicitFileType = wrapper.cfbundle; includeInIndex = 0; path = FetchTakeHomeUITests.xctest; sourceTree = BUILT_PRODUCTS_DIR; };
		751FC27C2D5E7DA7008FA5FC /* Preview Assets.xcassets */ = {isa = PBXFileReference; lastKnownFileType = folder.assetcatalog; path = "Preview Assets.xcassets"; sourceTree = "<group>"; };
		751FC27E2D5E7DA7008FA5FC /* Assets.xcassets */ = {isa = PBXFileReference; lastKnownFileType = folder.assetcatalog; path = Assets.xcassets; sourceTree = "<group>"; };
		751FC27F2D5E7DA7008FA5FC /* FetchTakeHome.entitlements */ = {isa = PBXFileReference; lastKnownFileType = text.plist.entitlements; path = FetchTakeHome.entitlements; sourceTree = "<group>"; };
		751FC2832D5E7DA7008FA5FC /* FetchTakeHomeApp.swift */ = {isa = PBXFileReference; lastKnownFileType = sourcecode.swift; path = FetchTakeHomeApp.swift; sourceTree = "<group>"; };
		751FC28E2D5E7E0D008FA5FC /* Recipe.swift */ = {isa = PBXFileReference; lastKnownFileType = sourcecode.swift; path = Recipe.swift; sourceTree = "<group>"; };
		751FC2992D5E81EC008FA5FC /* APIService.swift */ = {isa = PBXFileReference; lastKnownFileType = sourcecode.swift; path = APIService.swift; sourceTree = "<group>"; };
		751FC29A2D5E81EC008FA5FC /* APIServiceMock.swift */ = {isa = PBXFileReference; lastKnownFileType = sourcecode.swift; path = APIServiceMock.swift; sourceTree = "<group>"; };
		751FC29B2D5E81EC008FA5FC /* APIServiceProtocol.swift */ = {isa = PBXFileReference; lastKnownFileType = sourcecode.swift; path = APIServiceProtocol.swift; sourceTree = "<group>"; };
		751FC2A02D5E81F0008FA5FC /* Mockable.swift */ = {isa = PBXFileReference; lastKnownFileType = sourcecode.swift; path = Mockable.swift; sourceTree = "<group>"; };
		751FC2A52D5E827E008FA5FC /* Spacing.swift */ = {isa = PBXFileReference; lastKnownFileType = sourcecode.swift; path = Spacing.swift; sourceTree = "<group>"; };
		751FC2A72D5E8289008FA5FC /* Shadow.swift */ = {isa = PBXFileReference; lastKnownFileType = sourcecode.swift; path = Shadow.swift; sourceTree = "<group>"; };
		751FC2A92D5E8293008FA5FC /* AppFont.swift */ = {isa = PBXFileReference; lastKnownFileType = sourcecode.swift; path = AppFont.swift; sourceTree = "<group>"; };
		751FC2AB2D5E8309008FA5FC /* CardView.swift */ = {isa = PBXFileReference; lastKnownFileType = sourcecode.swift; path = CardView.swift; sourceTree = "<group>"; };
		751FC2AD2D5E8354008FA5FC /* CornerRadius.swift */ = {isa = PBXFileReference; lastKnownFileType = sourcecode.swift; path = CornerRadius.swift; sourceTree = "<group>"; };
		751FC2AF2D5E83A5008FA5FC /* AppButton.swift */ = {isa = PBXFileReference; lastKnownFileType = sourcecode.swift; path = AppButton.swift; sourceTree = "<group>"; };
		751FC2B52D5E8A17008FA5FC /* ImageCacheServiceProtocol.swift */ = {isa = PBXFileReference; lastKnownFileType = sourcecode.swift; path = ImageCacheServiceProtocol.swift; sourceTree = "<group>"; };
		751FC2B72D5E8A35008FA5FC /* ImageCacheService.swift */ = {isa = PBXFileReference; lastKnownFileType = sourcecode.swift; path = ImageCacheService.swift; sourceTree = "<group>"; };
		751FC2B92D5E8A49008FA5FC /* ImageCacheServiceMock.swift */ = {isa = PBXFileReference; lastKnownFileType = sourcecode.swift; path = ImageCacheServiceMock.swift; sourceTree = "<group>"; };
		751FC2BC2D5E8AEC008FA5FC /* RecipeListViewModel.swift */ = {isa = PBXFileReference; lastKnownFileType = sourcecode.swift; path = RecipeListViewModel.swift; sourceTree = "<group>"; };
		751FC2BE2D5E8AF2008FA5FC /* RecipeListScreen.swift */ = {isa = PBXFileReference; lastKnownFileType = sourcecode.swift; path = RecipeListScreen.swift; sourceTree = "<group>"; };
		751FC2C32D5E9368008FA5FC /* RecipeView.swift */ = {isa = PBXFileReference; lastKnownFileType = sourcecode.swift; path = RecipeView.swift; sourceTree = "<group>"; };
		75B53D072D5ED49900AA0E86 /* AsyncImageView.swift */ = {isa = PBXFileReference; lastKnownFileType = sourcecode.swift; path = AsyncImageView.swift; sourceTree = "<group>"; };
		75B53D0A2D5ED69300AA0E86 /* AsyncImageViewModel.swift */ = {isa = PBXFileReference; lastKnownFileType = sourcecode.swift; path = AsyncImageViewModel.swift; sourceTree = "<group>"; };
		75B53D0D2D5ED93000AA0E86 /* OnFirstAppear.swift */ = {isa = PBXFileReference; lastKnownFileType = sourcecode.swift; path = OnFirstAppear.swift; sourceTree = "<group>"; };
		75D6D0DE2D5E9BD3006C9D0E /* LoadingView.swift */ = {isa = PBXFileReference; lastKnownFileType = sourcecode.swift; path = LoadingView.swift; sourceTree = "<group>"; };
/* End PBXFileReference section */

/* Begin PBXFileSystemSynchronizedRootGroup section */
		751FC2602D5E7D1D008FA5FC /* FetchTakeHomeTests */ = {
			isa = PBXFileSystemSynchronizedRootGroup;
			path = FetchTakeHomeTests;
			sourceTree = "<group>";
		};
		751FC26A2D5E7D1D008FA5FC /* FetchTakeHomeUITests */ = {
			isa = PBXFileSystemSynchronizedRootGroup;
			path = FetchTakeHomeUITests;
			sourceTree = "<group>";
		};
/* End PBXFileSystemSynchronizedRootGroup section */

/* Begin PBXFrameworksBuildPhase section */
		751FC2492D5E7D1C008FA5FC /* Frameworks */ = {
			isa = PBXFrameworksBuildPhase;
			buildActionMask = 2147483647;
			files = (
			);
			runOnlyForDeploymentPostprocessing = 0;
		};
		751FC25A2D5E7D1D008FA5FC /* Frameworks */ = {
			isa = PBXFrameworksBuildPhase;
			buildActionMask = 2147483647;
			files = (
			);
			runOnlyForDeploymentPostprocessing = 0;
		};
		751FC2642D5E7D1D008FA5FC /* Frameworks */ = {
			isa = PBXFrameworksBuildPhase;
			buildActionMask = 2147483647;
			files = (
			);
			runOnlyForDeploymentPostprocessing = 0;
		};
/* End PBXFrameworksBuildPhase section */

/* Begin PBXGroup section */
		751FC2432D5E7D1C008FA5FC = {
			isa = PBXGroup;
			children = (
				751FC2842D5E7DA7008FA5FC /* FetchTakeHome */,
				751FC2602D5E7D1D008FA5FC /* FetchTakeHomeTests */,
				751FC26A2D5E7D1D008FA5FC /* FetchTakeHomeUITests */,
				751FC24D2D5E7D1C008FA5FC /* Products */,
			);
			sourceTree = "<group>";
		};
		751FC24D2D5E7D1C008FA5FC /* Products */ = {
			isa = PBXGroup;
			children = (
				751FC24C2D5E7D1C008FA5FC /* FetchTakeHome.app */,
				751FC25D2D5E7D1D008FA5FC /* FetchTakeHomeTests.xctest */,
				751FC2672D5E7D1D008FA5FC /* FetchTakeHomeUITests.xctest */,
			);
			name = Products;
			sourceTree = "<group>";
		};
		751FC27D2D5E7DA7008FA5FC /* Preview Content */ = {
			isa = PBXGroup;
			children = (
				751FC27C2D5E7DA7008FA5FC /* Preview Assets.xcassets */,
			);
			path = "Preview Content";
			sourceTree = "<group>";
		};
		751FC2802D5E7DA7008FA5FC /* Resources */ = {
			isa = PBXGroup;
			children = (
				751FC27D2D5E7DA7008FA5FC /* Preview Content */,
				751FC27E2D5E7DA7008FA5FC /* Assets.xcassets */,
				751FC27F2D5E7DA7008FA5FC /* FetchTakeHome.entitlements */,
			);
			path = Resources;
			sourceTree = "<group>";
		};
		751FC2812D5E7DA7008FA5FC /* Services */ = {
			isa = PBXGroup;
			children = (
				751FC29C2D5E81EC008FA5FC /* APIService */,
				751FC2B42D5E8A0A008FA5FC /* ImageCache */,
			);
			path = Services;
			sourceTree = "<group>";
		};
		751FC2842D5E7DA7008FA5FC /* FetchTakeHome */ = {
			isa = PBXGroup;
			children = (
				751FC2812D5E7DA7008FA5FC /* Services */,
				751FC28D2D5E7E08008FA5FC /* Models */,
				751FC2A12D5E81F0008FA5FC /* Helpers */,
				751FC28C2D5E7E02008FA5FC /* Components */,
				751FC2802D5E7DA7008FA5FC /* Resources */,
				751FC2A32D5E8256008FA5FC /* Screens */,
			);
			path = FetchTakeHome;
			sourceTree = "<group>";
		};
		751FC28C2D5E7E02008FA5FC /* Components */ = {
			isa = PBXGroup;
			children = (
				75B53D082D5ED49900AA0E86 /* AsyncImageView */,
				75D6D0DE2D5E9BD3006C9D0E /* LoadingView.swift */,
				751FC2AF2D5E83A5008FA5FC /* AppButton.swift */,
				751FC2AB2D5E8309008FA5FC /* CardView.swift */,
				751FC2A42D5E8271008FA5FC /* AppStyling */,
			);
			path = Components;
			sourceTree = "<group>";
		};
		751FC28D2D5E7E08008FA5FC /* Models */ = {
			isa = PBXGroup;
			children = (
				751FC28E2D5E7E0D008FA5FC /* Recipe.swift */,
			);
			path = Models;
			sourceTree = "<group>";
		};
		751FC29C2D5E81EC008FA5FC /* APIService */ = {
			isa = PBXGroup;
			children = (
				751FC2992D5E81EC008FA5FC /* APIService.swift */,
				751FC29A2D5E81EC008FA5FC /* APIServiceMock.swift */,
				751FC29B2D5E81EC008FA5FC /* APIServiceProtocol.swift */,
			);
			path = APIService;
			sourceTree = "<group>";
		};
		751FC2A12D5E81F0008FA5FC /* Helpers */ = {
			isa = PBXGroup;
			children = (
				751FC2A02D5E81F0008FA5FC /* Mockable.swift */,
				75B53D0C2D5ED92C00AA0E86 /* View Modifiers */,
			);
			path = Helpers;
			sourceTree = "<group>";
		};
		751FC2A32D5E8256008FA5FC /* Screens */ = {
			isa = PBXGroup;
			children = (
				751FC2BB2D5E8AE5008FA5FC /* RecipeList */,
				751FC2832D5E7DA7008FA5FC /* FetchTakeHomeApp.swift */,
			);
			path = Screens;
			sourceTree = "<group>";
		};
		751FC2A42D5E8271008FA5FC /* AppStyling */ = {
			isa = PBXGroup;
			children = (
				751FC2A92D5E8293008FA5FC /* AppFont.swift */,
				751FC2AD2D5E8354008FA5FC /* CornerRadius.swift */,
				751FC2A72D5E8289008FA5FC /* Shadow.swift */,
				751FC2A52D5E827E008FA5FC /* Spacing.swift */,
			);
			path = AppStyling;
			sourceTree = "<group>";
		};
		751FC2B42D5E8A0A008FA5FC /* ImageCache */ = {
			isa = PBXGroup;
			children = (
				751FC2B72D5E8A35008FA5FC /* ImageCacheService.swift */,
				751FC2B92D5E8A49008FA5FC /* ImageCacheServiceMock.swift */,
				751FC2B52D5E8A17008FA5FC /* ImageCacheServiceProtocol.swift */,
			);
			path = ImageCache;
			sourceTree = "<group>";
		};
		751FC2BB2D5E8AE5008FA5FC /* RecipeList */ = {
			isa = PBXGroup;
			children = (
				751FC2BC2D5E8AEC008FA5FC /* RecipeListViewModel.swift */,
				751FC2BE2D5E8AF2008FA5FC /* RecipeListScreen.swift */,
				751FC2C12D5E9351008FA5FC /* Views */,
			);
			path = RecipeList;
			sourceTree = "<group>";
		};
		751FC2C12D5E9351008FA5FC /* Views */ = {
			isa = PBXGroup;
			children = (
				751FC2C32D5E9368008FA5FC /* RecipeView.swift */,
			);
			path = Views;
			sourceTree = "<group>";
		};
		75B53D082D5ED49900AA0E86 /* AsyncImageView */ = {
			isa = PBXGroup;
			children = (
				75B53D0A2D5ED69300AA0E86 /* AsyncImageViewModel.swift */,
				75B53D072D5ED49900AA0E86 /* AsyncImageView.swift */,
			);
			path = AsyncImageView;
			sourceTree = "<group>";
		};
		75B53D0C2D5ED92C00AA0E86 /* View Modifiers */ = {
			isa = PBXGroup;
			children = (
				75B53D0D2D5ED93000AA0E86 /* OnFirstAppear.swift */,
			);
			path = "View Modifiers";
			sourceTree = "<group>";
		};
/* End PBXGroup section */

/* Begin PBXNativeTarget section */
		751FC24B2D5E7D1C008FA5FC /* FetchTakeHome */ = {
			isa = PBXNativeTarget;
			buildConfigurationList = 751FC2712D5E7D1D008FA5FC /* Build configuration list for PBXNativeTarget "FetchTakeHome" */;
			buildPhases = (
				751FC2482D5E7D1C008FA5FC /* Sources */,
				751FC2492D5E7D1C008FA5FC /* Frameworks */,
				751FC24A2D5E7D1C008FA5FC /* Resources */,
			);
			buildRules = (
			);
			dependencies = (
			);
			name = FetchTakeHome;
			packageProductDependencies = (
			);
			productName = FetchTakeHome;
			productReference = 751FC24C2D5E7D1C008FA5FC /* FetchTakeHome.app */;
			productType = "com.apple.product-type.application";
		};
		751FC25C2D5E7D1D008FA5FC /* FetchTakeHomeTests */ = {
			isa = PBXNativeTarget;
			buildConfigurationList = 751FC2742D5E7D1D008FA5FC /* Build configuration list for PBXNativeTarget "FetchTakeHomeTests" */;
			buildPhases = (
				751FC2592D5E7D1D008FA5FC /* Sources */,
				751FC25A2D5E7D1D008FA5FC /* Frameworks */,
				751FC25B2D5E7D1D008FA5FC /* Resources */,
			);
			buildRules = (
			);
			dependencies = (
				751FC25F2D5E7D1D008FA5FC /* PBXTargetDependency */,
			);
			fileSystemSynchronizedGroups = (
				751FC2602D5E7D1D008FA5FC /* FetchTakeHomeTests */,
			);
			name = FetchTakeHomeTests;
			packageProductDependencies = (
			);
			productName = FetchTakeHomeTests;
			productReference = 751FC25D2D5E7D1D008FA5FC /* FetchTakeHomeTests.xctest */;
			productType = "com.apple.product-type.bundle.unit-test";
		};
		751FC2662D5E7D1D008FA5FC /* FetchTakeHomeUITests */ = {
			isa = PBXNativeTarget;
			buildConfigurationList = 751FC2772D5E7D1D008FA5FC /* Build configuration list for PBXNativeTarget "FetchTakeHomeUITests" */;
			buildPhases = (
				751FC2632D5E7D1D008FA5FC /* Sources */,
				751FC2642D5E7D1D008FA5FC /* Frameworks */,
				751FC2652D5E7D1D008FA5FC /* Resources */,
			);
			buildRules = (
			);
			dependencies = (
				751FC2692D5E7D1D008FA5FC /* PBXTargetDependency */,
			);
			fileSystemSynchronizedGroups = (
				751FC26A2D5E7D1D008FA5FC /* FetchTakeHomeUITests */,
			);
			name = FetchTakeHomeUITests;
			packageProductDependencies = (
			);
			productName = FetchTakeHomeUITests;
			productReference = 751FC2672D5E7D1D008FA5FC /* FetchTakeHomeUITests.xctest */;
			productType = "com.apple.product-type.bundle.ui-testing";
		};
/* End PBXNativeTarget section */

/* Begin PBXProject section */
		751FC2442D5E7D1C008FA5FC /* Project object */ = {
			isa = PBXProject;
			attributes = {
				BuildIndependentTargetsInParallel = 1;
				LastSwiftUpdateCheck = 1620;
				LastUpgradeCheck = 1620;
				TargetAttributes = {
					751FC24B2D5E7D1C008FA5FC = {
						CreatedOnToolsVersion = 16.2;
					};
					751FC25C2D5E7D1D008FA5FC = {
						CreatedOnToolsVersion = 16.2;
						TestTargetID = 751FC24B2D5E7D1C008FA5FC;
					};
					751FC2662D5E7D1D008FA5FC = {
						CreatedOnToolsVersion = 16.2;
						TestTargetID = 751FC24B2D5E7D1C008FA5FC;
					};
				};
			};
			buildConfigurationList = 751FC2472D5E7D1C008FA5FC /* Build configuration list for PBXProject "FetchTakeHome" */;
			developmentRegion = en;
			hasScannedForEncodings = 0;
			knownRegions = (
				en,
				Base,
			);
			mainGroup = 751FC2432D5E7D1C008FA5FC;
			minimizedProjectReferenceProxies = 1;
			preferredProjectObjectVersion = 77;
			productRefGroup = 751FC24D2D5E7D1C008FA5FC /* Products */;
			projectDirPath = "";
			projectRoot = "";
			targets = (
				751FC24B2D5E7D1C008FA5FC /* FetchTakeHome */,
				751FC25C2D5E7D1D008FA5FC /* FetchTakeHomeTests */,
				751FC2662D5E7D1D008FA5FC /* FetchTakeHomeUITests */,
			);
		};
/* End PBXProject section */

/* Begin PBXResourcesBuildPhase section */
		751FC24A2D5E7D1C008FA5FC /* Resources */ = {
			isa = PBXResourcesBuildPhase;
			buildActionMask = 2147483647;
			files = (
				751FC2852D5E7DA7008FA5FC /* Preview Assets.xcassets in Resources */,
				751FC2862D5E7DA7008FA5FC /* Assets.xcassets in Resources */,
			);
			runOnlyForDeploymentPostprocessing = 0;
		};
		751FC25B2D5E7D1D008FA5FC /* Resources */ = {
			isa = PBXResourcesBuildPhase;
			buildActionMask = 2147483647;
			files = (
			);
			runOnlyForDeploymentPostprocessing = 0;
		};
		751FC2652D5E7D1D008FA5FC /* Resources */ = {
			isa = PBXResourcesBuildPhase;
			buildActionMask = 2147483647;
			files = (
			);
			runOnlyForDeploymentPostprocessing = 0;
		};
/* End PBXResourcesBuildPhase section */

/* Begin PBXSourcesBuildPhase section */
		751FC2482D5E7D1C008FA5FC /* Sources */ = {
			isa = PBXSourcesBuildPhase;
			buildActionMask = 2147483647;
			files = (
				75B53D0E2D5ED93000AA0E86 /* OnFirstAppear.swift in Sources */,
				75B53D0B2D5ED69700AA0E86 /* AsyncImageViewModel.swift in Sources */,
				751FC2A82D5E8289008FA5FC /* Shadow.swift in Sources */,
				751FC2BA2D5E8A4E008FA5FC /* ImageCacheServiceMock.swift in Sources */,
				751FC2B82D5E8A38008FA5FC /* ImageCacheService.swift in Sources */,
				75B53D092D5ED49900AA0E86 /* AsyncImageView.swift in Sources */,
				751FC2AE2D5E8354008FA5FC /* CornerRadius.swift in Sources */,
				751FC2882D5E7DA7008FA5FC /* FetchTakeHomeApp.swift in Sources */,
				751FC2B62D5E8A1A008FA5FC /* ImageCacheServiceProtocol.swift in Sources */,
				751FC29D2D5E81EC008FA5FC /* APIService.swift in Sources */,
				751FC2BD2D5E8AEF008FA5FC /* RecipeListViewModel.swift in Sources */,
				751FC29E2D5E81EC008FA5FC /* APIServiceMock.swift in Sources */,
				751FC29F2D5E81EC008FA5FC /* APIServiceProtocol.swift in Sources */,
				751FC2AA2D5E8293008FA5FC /* AppFont.swift in Sources */,
				751FC2C42D5E936A008FA5FC /* RecipeView.swift in Sources */,
				751FC2A62D5E827E008FA5FC /* Spacing.swift in Sources */,
				75D6D0DF2D5E9BD9006C9D0E /* LoadingView.swift in Sources */,
				751FC2B02D5E83AB008FA5FC /* AppButton.swift in Sources */,
				751FC2A22D5E81F0008FA5FC /* Mockable.swift in Sources */,
				751FC2AC2D5E830B008FA5FC /* CardView.swift in Sources */,
				751FC28F2D5E7E0F008FA5FC /* Recipe.swift in Sources */,
				751FC2BF2D5E8AF4008FA5FC /* RecipeListScreen.swift in Sources */,
			);
			runOnlyForDeploymentPostprocessing = 0;
		};
		751FC2592D5E7D1D008FA5FC /* Sources */ = {
			isa = PBXSourcesBuildPhase;
			buildActionMask = 2147483647;
			files = (
			);
			runOnlyForDeploymentPostprocessing = 0;
		};
		751FC2632D5E7D1D008FA5FC /* Sources */ = {
			isa = PBXSourcesBuildPhase;
			buildActionMask = 2147483647;
			files = (
			);
			runOnlyForDeploymentPostprocessing = 0;
		};
/* End PBXSourcesBuildPhase section */

/* Begin PBXTargetDependency section */
		751FC25F2D5E7D1D008FA5FC /* PBXTargetDependency */ = {
			isa = PBXTargetDependency;
			target = 751FC24B2D5E7D1C008FA5FC /* FetchTakeHome */;
			targetProxy = 751FC25E2D5E7D1D008FA5FC /* PBXContainerItemProxy */;
		};
		751FC2692D5E7D1D008FA5FC /* PBXTargetDependency */ = {
			isa = PBXTargetDependency;
			target = 751FC24B2D5E7D1C008FA5FC /* FetchTakeHome */;
			targetProxy = 751FC2682D5E7D1D008FA5FC /* PBXContainerItemProxy */;
		};
/* End PBXTargetDependency section */

/* Begin XCBuildConfiguration section */
		751FC26F2D5E7D1D008FA5FC /* Debug */ = {
			isa = XCBuildConfiguration;
			buildSettings = {
				ALWAYS_SEARCH_USER_PATHS = NO;
				ASSETCATALOG_COMPILER_GENERATE_SWIFT_ASSET_SYMBOL_EXTENSIONS = YES;
				CLANG_ANALYZER_NONNULL = YES;
				CLANG_ANALYZER_NUMBER_OBJECT_CONVERSION = YES_AGGRESSIVE;
				CLANG_CXX_LANGUAGE_STANDARD = "gnu++20";
				CLANG_ENABLE_MODULES = YES;
				CLANG_ENABLE_OBJC_ARC = YES;
				CLANG_ENABLE_OBJC_WEAK = YES;
				CLANG_WARN_BLOCK_CAPTURE_AUTORELEASING = YES;
				CLANG_WARN_BOOL_CONVERSION = YES;
				CLANG_WARN_COMMA = YES;
				CLANG_WARN_CONSTANT_CONVERSION = YES;
				CLANG_WARN_DEPRECATED_OBJC_IMPLEMENTATIONS = YES;
				CLANG_WARN_DIRECT_OBJC_ISA_USAGE = YES_ERROR;
				CLANG_WARN_DOCUMENTATION_COMMENTS = YES;
				CLANG_WARN_EMPTY_BODY = YES;
				CLANG_WARN_ENUM_CONVERSION = YES;
				CLANG_WARN_INFINITE_RECURSION = YES;
				CLANG_WARN_INT_CONVERSION = YES;
				CLANG_WARN_NON_LITERAL_NULL_CONVERSION = YES;
				CLANG_WARN_OBJC_IMPLICIT_RETAIN_SELF = YES;
				CLANG_WARN_OBJC_LITERAL_CONVERSION = YES;
				CLANG_WARN_OBJC_ROOT_CLASS = YES_ERROR;
				CLANG_WARN_QUOTED_INCLUDE_IN_FRAMEWORK_HEADER = YES;
				CLANG_WARN_RANGE_LOOP_ANALYSIS = YES;
				CLANG_WARN_STRICT_PROTOTYPES = YES;
				CLANG_WARN_SUSPICIOUS_MOVE = YES;
				CLANG_WARN_UNGUARDED_AVAILABILITY = YES_AGGRESSIVE;
				CLANG_WARN_UNREACHABLE_CODE = YES;
				CLANG_WARN__DUPLICATE_METHOD_MATCH = YES;
				COPY_PHASE_STRIP = NO;
				DEBUG_INFORMATION_FORMAT = dwarf;
				ENABLE_STRICT_OBJC_MSGSEND = YES;
				ENABLE_TESTABILITY = YES;
				ENABLE_USER_SCRIPT_SANDBOXING = YES;
				GCC_C_LANGUAGE_STANDARD = gnu17;
				GCC_DYNAMIC_NO_PIC = NO;
				GCC_NO_COMMON_BLOCKS = YES;
				GCC_OPTIMIZATION_LEVEL = 0;
				GCC_PREPROCESSOR_DEFINITIONS = (
					"DEBUG=1",
					"$(inherited)",
				);
				GCC_WARN_64_TO_32_BIT_CONVERSION = YES;
				GCC_WARN_ABOUT_RETURN_TYPE = YES_ERROR;
				GCC_WARN_UNDECLARED_SELECTOR = YES;
				GCC_WARN_UNINITIALIZED_AUTOS = YES_AGGRESSIVE;
				GCC_WARN_UNUSED_FUNCTION = YES;
				GCC_WARN_UNUSED_VARIABLE = YES;
				LOCALIZATION_PREFERS_STRING_CATALOGS = YES;
				MTL_ENABLE_DEBUG_INFO = INCLUDE_SOURCE;
				MTL_FAST_MATH = YES;
				ONLY_ACTIVE_ARCH = YES;
				SWIFT_ACTIVE_COMPILATION_CONDITIONS = "DEBUG $(inherited)";
				SWIFT_OPTIMIZATION_LEVEL = "-Onone";
			};
			name = Debug;
		};
		751FC2702D5E7D1D008FA5FC /* Release */ = {
			isa = XCBuildConfiguration;
			buildSettings = {
				ALWAYS_SEARCH_USER_PATHS = NO;
				ASSETCATALOG_COMPILER_GENERATE_SWIFT_ASSET_SYMBOL_EXTENSIONS = YES;
				CLANG_ANALYZER_NONNULL = YES;
				CLANG_ANALYZER_NUMBER_OBJECT_CONVERSION = YES_AGGRESSIVE;
				CLANG_CXX_LANGUAGE_STANDARD = "gnu++20";
				CLANG_ENABLE_MODULES = YES;
				CLANG_ENABLE_OBJC_ARC = YES;
				CLANG_ENABLE_OBJC_WEAK = YES;
				CLANG_WARN_BLOCK_CAPTURE_AUTORELEASING = YES;
				CLANG_WARN_BOOL_CONVERSION = YES;
				CLANG_WARN_COMMA = YES;
				CLANG_WARN_CONSTANT_CONVERSION = YES;
				CLANG_WARN_DEPRECATED_OBJC_IMPLEMENTATIONS = YES;
				CLANG_WARN_DIRECT_OBJC_ISA_USAGE = YES_ERROR;
				CLANG_WARN_DOCUMENTATION_COMMENTS = YES;
				CLANG_WARN_EMPTY_BODY = YES;
				CLANG_WARN_ENUM_CONVERSION = YES;
				CLANG_WARN_INFINITE_RECURSION = YES;
				CLANG_WARN_INT_CONVERSION = YES;
				CLANG_WARN_NON_LITERAL_NULL_CONVERSION = YES;
				CLANG_WARN_OBJC_IMPLICIT_RETAIN_SELF = YES;
				CLANG_WARN_OBJC_LITERAL_CONVERSION = YES;
				CLANG_WARN_OBJC_ROOT_CLASS = YES_ERROR;
				CLANG_WARN_QUOTED_INCLUDE_IN_FRAMEWORK_HEADER = YES;
				CLANG_WARN_RANGE_LOOP_ANALYSIS = YES;
				CLANG_WARN_STRICT_PROTOTYPES = YES;
				CLANG_WARN_SUSPICIOUS_MOVE = YES;
				CLANG_WARN_UNGUARDED_AVAILABILITY = YES_AGGRESSIVE;
				CLANG_WARN_UNREACHABLE_CODE = YES;
				CLANG_WARN__DUPLICATE_METHOD_MATCH = YES;
				COPY_PHASE_STRIP = NO;
				DEBUG_INFORMATION_FORMAT = "dwarf-with-dsym";
				ENABLE_NS_ASSERTIONS = NO;
				ENABLE_STRICT_OBJC_MSGSEND = YES;
				ENABLE_USER_SCRIPT_SANDBOXING = YES;
				GCC_C_LANGUAGE_STANDARD = gnu17;
				GCC_NO_COMMON_BLOCKS = YES;
				GCC_WARN_64_TO_32_BIT_CONVERSION = YES;
				GCC_WARN_ABOUT_RETURN_TYPE = YES_ERROR;
				GCC_WARN_UNDECLARED_SELECTOR = YES;
				GCC_WARN_UNINITIALIZED_AUTOS = YES_AGGRESSIVE;
				GCC_WARN_UNUSED_FUNCTION = YES;
				GCC_WARN_UNUSED_VARIABLE = YES;
				LOCALIZATION_PREFERS_STRING_CATALOGS = YES;
				MTL_ENABLE_DEBUG_INFO = NO;
				MTL_FAST_MATH = YES;
				SWIFT_COMPILATION_MODE = wholemodule;
			};
			name = Release;
		};
		751FC2722D5E7D1D008FA5FC /* Debug */ = {
			isa = XCBuildConfiguration;
			buildSettings = {
				ASSETCATALOG_COMPILER_APPICON_NAME = AppIcon;
				ASSETCATALOG_COMPILER_GLOBAL_ACCENT_COLOR_NAME = AccentColor;
				CODE_SIGN_ENTITLEMENTS = FetchTakeHome/Resources/FetchTakeHome.entitlements;
				CODE_SIGN_STYLE = Automatic;
				CURRENT_PROJECT_VERSION = 1;
				DEVELOPMENT_ASSET_PATHS = "\"FetchTakeHome/Resources/Preview Content\"";
				DEVELOPMENT_TEAM = QNK29NH27H;
				ENABLE_HARDENED_RUNTIME = YES;
				ENABLE_PREVIEWS = YES;
				GENERATE_INFOPLIST_FILE = YES;
				"INFOPLIST_KEY_UIApplicationSceneManifest_Generation[sdk=iphoneos*]" = YES;
				"INFOPLIST_KEY_UIApplicationSceneManifest_Generation[sdk=iphonesimulator*]" = YES;
				"INFOPLIST_KEY_UIApplicationSupportsIndirectInputEvents[sdk=iphoneos*]" = YES;
				"INFOPLIST_KEY_UIApplicationSupportsIndirectInputEvents[sdk=iphonesimulator*]" = YES;
				"INFOPLIST_KEY_UILaunchScreen_Generation[sdk=iphoneos*]" = YES;
				"INFOPLIST_KEY_UILaunchScreen_Generation[sdk=iphonesimulator*]" = YES;
				"INFOPLIST_KEY_UIStatusBarStyle[sdk=iphoneos*]" = UIStatusBarStyleDefault;
				"INFOPLIST_KEY_UIStatusBarStyle[sdk=iphonesimulator*]" = UIStatusBarStyleDefault;
				INFOPLIST_KEY_UISupportedInterfaceOrientations_iPad = "UIInterfaceOrientationPortrait UIInterfaceOrientationPortraitUpsideDown UIInterfaceOrientationLandscapeLeft UIInterfaceOrientationLandscapeRight";
				INFOPLIST_KEY_UISupportedInterfaceOrientations_iPhone = "UIInterfaceOrientationPortrait UIInterfaceOrientationLandscapeLeft UIInterfaceOrientationLandscapeRight";
				IPHONEOS_DEPLOYMENT_TARGET = 17.6;
				LD_RUNPATH_SEARCH_PATHS = "@executable_path/Frameworks";
				"LD_RUNPATH_SEARCH_PATHS[sdk=macosx*]" = "@executable_path/../Frameworks";
				MACOSX_DEPLOYMENT_TARGET = 15.2;
				MARKETING_VERSION = 1.0;
				PRODUCT_BUNDLE_IDENTIFIER = com.FetchTakeHome;
				PRODUCT_NAME = "$(TARGET_NAME)";
				SDKROOT = auto;
				SUPPORTED_PLATFORMS = "iphoneos iphonesimulator macosx xros xrsimulator";
				SWIFT_EMIT_LOC_STRINGS = YES;
				SWIFT_VERSION = 5.0;
				TARGETED_DEVICE_FAMILY = "1,2,7";
				XROS_DEPLOYMENT_TARGET = 2.2;
			};
			name = Debug;
		};
		751FC2732D5E7D1D008FA5FC /* Release */ = {
			isa = XCBuildConfiguration;
			buildSettings = {
				ASSETCATALOG_COMPILER_APPICON_NAME = AppIcon;
				ASSETCATALOG_COMPILER_GLOBAL_ACCENT_COLOR_NAME = AccentColor;
				CODE_SIGN_ENTITLEMENTS = FetchTakeHome/Resources/FetchTakeHome.entitlements;
				CODE_SIGN_STYLE = Automatic;
				CURRENT_PROJECT_VERSION = 1;
				DEVELOPMENT_ASSET_PATHS = "\"FetchTakeHome/Resources/Preview Content\"";
				DEVELOPMENT_TEAM = QNK29NH27H;
				ENABLE_HARDENED_RUNTIME = YES;
				ENABLE_PREVIEWS = YES;
				GENERATE_INFOPLIST_FILE = YES;
				"INFOPLIST_KEY_UIApplicationSceneManifest_Generation[sdk=iphoneos*]" = YES;
				"INFOPLIST_KEY_UIApplicationSceneManifest_Generation[sdk=iphonesimulator*]" = YES;
				"INFOPLIST_KEY_UIApplicationSupportsIndirectInputEvents[sdk=iphoneos*]" = YES;
				"INFOPLIST_KEY_UIApplicationSupportsIndirectInputEvents[sdk=iphonesimulator*]" = YES;
				"INFOPLIST_KEY_UILaunchScreen_Generation[sdk=iphoneos*]" = YES;
				"INFOPLIST_KEY_UILaunchScreen_Generation[sdk=iphonesimulator*]" = YES;
				"INFOPLIST_KEY_UIStatusBarStyle[sdk=iphoneos*]" = UIStatusBarStyleDefault;
				"INFOPLIST_KEY_UIStatusBarStyle[sdk=iphonesimulator*]" = UIStatusBarStyleDefault;
				INFOPLIST_KEY_UISupportedInterfaceOrientations_iPad = "UIInterfaceOrientationPortrait UIInterfaceOrientationPortraitUpsideDown UIInterfaceOrientationLandscapeLeft UIInterfaceOrientationLandscapeRight";
				INFOPLIST_KEY_UISupportedInterfaceOrientations_iPhone = "UIInterfaceOrientationPortrait UIInterfaceOrientationLandscapeLeft UIInterfaceOrientationLandscapeRight";
				IPHONEOS_DEPLOYMENT_TARGET = 17.6;
				LD_RUNPATH_SEARCH_PATHS = "@executable_path/Frameworks";
				"LD_RUNPATH_SEARCH_PATHS[sdk=macosx*]" = "@executable_path/../Frameworks";
				MACOSX_DEPLOYMENT_TARGET = 15.2;
				MARKETING_VERSION = 1.0;
				PRODUCT_BUNDLE_IDENTIFIER = com.FetchTakeHome;
				PRODUCT_NAME = "$(TARGET_NAME)";
				SDKROOT = auto;
				SUPPORTED_PLATFORMS = "iphoneos iphonesimulator macosx xros xrsimulator";
				SWIFT_EMIT_LOC_STRINGS = YES;
				SWIFT_VERSION = 5.0;
				TARGETED_DEVICE_FAMILY = "1,2,7";
				XROS_DEPLOYMENT_TARGET = 2.2;
			};
			name = Release;
		};
		751FC2752D5E7D1D008FA5FC /* Debug */ = {
			isa = XCBuildConfiguration;
			buildSettings = {
				BUNDLE_LOADER = "$(TEST_HOST)";
				CODE_SIGN_STYLE = Automatic;
				CURRENT_PROJECT_VERSION = 1;
				DEVELOPMENT_TEAM = QNK29NH27H;
				GENERATE_INFOPLIST_FILE = YES;
				IPHONEOS_DEPLOYMENT_TARGET = 18.2;
				MACOSX_DEPLOYMENT_TARGET = 15.2;
				MARKETING_VERSION = 1.0;
				PRODUCT_BUNDLE_IDENTIFIER = com.FetchTakeHomeTests;
				PRODUCT_NAME = "$(TARGET_NAME)";
				SDKROOT = auto;
				SUPPORTED_PLATFORMS = "iphoneos iphonesimulator macosx xros xrsimulator";
				SWIFT_EMIT_LOC_STRINGS = NO;
				SWIFT_VERSION = 5.0;
				TARGETED_DEVICE_FAMILY = "1,2,7";
				TEST_HOST = "$(BUILT_PRODUCTS_DIR)/FetchTakeHome.app/$(BUNDLE_EXECUTABLE_FOLDER_PATH)/FetchTakeHome";
				XROS_DEPLOYMENT_TARGET = 2.2;
			};
			name = Debug;
		};
		751FC2762D5E7D1D008FA5FC /* Release */ = {
			isa = XCBuildConfiguration;
			buildSettings = {
				BUNDLE_LOADER = "$(TEST_HOST)";
				CODE_SIGN_STYLE = Automatic;
				CURRENT_PROJECT_VERSION = 1;
				DEVELOPMENT_TEAM = QNK29NH27H;
				GENERATE_INFOPLIST_FILE = YES;
				IPHONEOS_DEPLOYMENT_TARGET = 18.2;
				MACOSX_DEPLOYMENT_TARGET = 15.2;
				MARKETING_VERSION = 1.0;
				PRODUCT_BUNDLE_IDENTIFIER = com.FetchTakeHomeTests;
				PRODUCT_NAME = "$(TARGET_NAME)";
				SDKROOT = auto;
				SUPPORTED_PLATFORMS = "iphoneos iphonesimulator macosx xros xrsimulator";
				SWIFT_EMIT_LOC_STRINGS = NO;
				SWIFT_VERSION = 5.0;
				TARGETED_DEVICE_FAMILY = "1,2,7";
				TEST_HOST = "$(BUILT_PRODUCTS_DIR)/FetchTakeHome.app/$(BUNDLE_EXECUTABLE_FOLDER_PATH)/FetchTakeHome";
				XROS_DEPLOYMENT_TARGET = 2.2;
			};
			name = Release;
		};
		751FC2782D5E7D1D008FA5FC /* Debug */ = {
			isa = XCBuildConfiguration;
			buildSettings = {
				CODE_SIGN_STYLE = Automatic;
				CURRENT_PROJECT_VERSION = 1;
				DEVELOPMENT_TEAM = QNK29NH27H;
				GENERATE_INFOPLIST_FILE = YES;
				IPHONEOS_DEPLOYMENT_TARGET = 18.2;
				MACOSX_DEPLOYMENT_TARGET = 15.2;
				MARKETING_VERSION = 1.0;
				PRODUCT_BUNDLE_IDENTIFIER = com.FetchTakeHomeUITests;
				PRODUCT_NAME = "$(TARGET_NAME)";
				SDKROOT = auto;
				SUPPORTED_PLATFORMS = "iphoneos iphonesimulator macosx xros xrsimulator";
				SWIFT_EMIT_LOC_STRINGS = NO;
				SWIFT_VERSION = 5.0;
				TARGETED_DEVICE_FAMILY = "1,2,7";
				TEST_TARGET_NAME = FetchTakeHome;
				XROS_DEPLOYMENT_TARGET = 2.2;
			};
			name = Debug;
		};
		751FC2792D5E7D1D008FA5FC /* Release */ = {
			isa = XCBuildConfiguration;
			buildSettings = {
				CODE_SIGN_STYLE = Automatic;
				CURRENT_PROJECT_VERSION = 1;
				DEVELOPMENT_TEAM = QNK29NH27H;
				GENERATE_INFOPLIST_FILE = YES;
				IPHONEOS_DEPLOYMENT_TARGET = 18.2;
				MACOSX_DEPLOYMENT_TARGET = 15.2;
				MARKETING_VERSION = 1.0;
				PRODUCT_BUNDLE_IDENTIFIER = com.FetchTakeHomeUITests;
				PRODUCT_NAME = "$(TARGET_NAME)";
				SDKROOT = auto;
				SUPPORTED_PLATFORMS = "iphoneos iphonesimulator macosx xros xrsimulator";
				SWIFT_EMIT_LOC_STRINGS = NO;
				SWIFT_VERSION = 5.0;
				TARGETED_DEVICE_FAMILY = "1,2,7";
				TEST_TARGET_NAME = FetchTakeHome;
				XROS_DEPLOYMENT_TARGET = 2.2;
			};
			name = Release;
		};
/* End XCBuildConfiguration section */

/* Begin XCConfigurationList section */
		751FC2472D5E7D1C008FA5FC /* Build configuration list for PBXProject "FetchTakeHome" */ = {
			isa = XCConfigurationList;
			buildConfigurations = (
				751FC26F2D5E7D1D008FA5FC /* Debug */,
				751FC2702D5E7D1D008FA5FC /* Release */,
			);
			defaultConfigurationIsVisible = 0;
			defaultConfigurationName = Release;
		};
		751FC2712D5E7D1D008FA5FC /* Build configuration list for PBXNativeTarget "FetchTakeHome" */ = {
			isa = XCConfigurationList;
			buildConfigurations = (
				751FC2722D5E7D1D008FA5FC /* Debug */,
				751FC2732D5E7D1D008FA5FC /* Release */,
			);
			defaultConfigurationIsVisible = 0;
			defaultConfigurationName = Release;
		};
		751FC2742D5E7D1D008FA5FC /* Build configuration list for PBXNativeTarget "FetchTakeHomeTests" */ = {
			isa = XCConfigurationList;
			buildConfigurations = (
				751FC2752D5E7D1D008FA5FC /* Debug */,
				751FC2762D5E7D1D008FA5FC /* Release */,
			);
			defaultConfigurationIsVisible = 0;
			defaultConfigurationName = Release;
		};
		751FC2772D5E7D1D008FA5FC /* Build configuration list for PBXNativeTarget "FetchTakeHomeUITests" */ = {
			isa = XCConfigurationList;
			buildConfigurations = (
				751FC2782D5E7D1D008FA5FC /* Debug */,
				751FC2792D5E7D1D008FA5FC /* Release */,
			);
			defaultConfigurationIsVisible = 0;
			defaultConfigurationName = Release;
		};
/* End XCConfigurationList section */
	};
	rootObject = 751FC2442D5E7D1C008FA5FC /* Project object */;
}
